
Microsoft Visual Studio Solution File, Format Version 12.00
# Visual Studio Express 2012 for Web
Project("{FAE04EC0-301F-11D3-BF4B-00C04F79EFBC}") = "GuessFibonacci", "GuessFibonacci\GuessFibonacci.csproj", "{45327AC3-4E67-4546-B886-B62F7D43E986}"
EndProject
Project("{FAE04EC0-301F-11D3-BF4B-00C04F79EFBC}") = "GuessFibonacci.Tests", "GuessFibonacci.Tests\GuessFibonacci.Tests.csproj", "{2BECFA49-7A9A-4272-AFFE-92242AC4290C}"
EndProject
Global
	GlobalSection(SolutionConfigurationPlatforms) = preSolution
		Debug|Any CPU = Debug|Any CPU
		Release|Any CPU = Release|Any CPU
	EndGlobalSection
	GlobalSection(ProjectConfigurationPlatforms) = postSolution
		{45327AC3-4E67-4546-B886-B62F7D43E986}.Debug|Any CPU.ActiveCfg = Debug|Any CPU
		{45327AC3-4E67-4546-B886-B62F7D43E986}.Debug|Any CPU.Build.0 = Debug|Any CPU
		{45327AC3-4E67-4546-B886-B62F7D43E986}.Release|Any CPU.ActiveCfg = Release|Any CPU
		{45327AC3-4E67-4546-B886-B62F7D43E986}.Release|Any CPU.Build.0 = Release|Any CPU
		{2BECFA49-7A9A-4272-AFFE-92242AC4290C}.Debug|Any CPU.ActiveCfg = Debug|Any CPU
		{2BECFA49-7A9A-4272-AFFE-92242AC4290C}.Debug|Any CPU.Build.0 = Debug|Any CPU
		{2BECFA49-7A9A-4272-AFFE-92242AC4290C}.Release|Any CPU.ActiveCfg = Release|Any CPU
		{2BECFA49-7A9A-4272-AFFE-92242AC4290C}.Release|Any CPU.Build.0 = Release|Any CPU
	EndGlobalSection
	GlobalSection(SolutionProperties) = preSolution
		HideSolutionNode = FALSE
	EndGlobalSection
EndGlobal
